
Microsoft Visual Studio Solution File, Format Version 12.00
# Visual Studio Version 16
VisualStudioVersion = 16.0.29021.104
MinimumVisualStudioVersion = 10.0.40219.1
Project("{8BC9CEB8-8B4A-11D0-8D11-00A0C91BC942}") = "StackAndQueue", "StackAndQueue\StackAndQueue.vcxproj", "{65E4BDD1-0841-418F-AFCA-FFC46760A752}"
EndProject
Global
	GlobalSection(SolutionConfigurationPlatforms) = preSolution
		Debug|x64 = Debug|x64
		Debug|x86 = Debug|x86
		Release|x64 = Release|x64
		Release|x86 = Release|x86
	EndGlobalSection
	GlobalSection(ProjectConfigurationPlatforms) = postSolution
		{65E4BDD1-0841-418F-AFCA-FFC46760A752}.Debug|x64.ActiveCfg = Debug|x64
		{65E4BDD1-0841-418F-AFCA-FFC46760A752}.Debug|x64.Build.0 = Debug|x64
		{65E4BDD1-0841-418F-AFCA-FFC46760A752}.Debug|x86.ActiveCfg = Debug|Win32
		{65E4BDD1-0841-418F-AFCA-FFC46760A752}.Debug|x86.Build.0 = Debug|Win32
		{65E4BDD1-0841-418F-AFCA-FFC46760A752}.Release|x64.ActiveCfg = Release|x64
		{65E4BDD1-0841-418F-AFCA-FFC46760A752}.Release|x64.Build.0 = Release|x64
		{65E4BDD1-0841-418F-AFCA-FFC46760A752}.Release|x86.ActiveCfg = Release|Win32
		{65E4BDD1-0841-418F-AFCA-FFC46760A752}.Release|x86.Build.0 = Release|Win32
	EndGlobalSection
	GlobalSection(SolutionProperties) = preSolution
		HideSolutionNode = FALSE
	EndGlobalSection
	GlobalSection(ExtensibilityGlobals) = postSolution
		SolutionGuid = {A233E452-D7DF-4D34-A3A8-91962341E983}
	EndGlobalSection
EndGlobal
